
Microsoft Visual Studio Solution File, Format Version 12.00
# Visual Studio Version 16
VisualStudioVersion = 16.0.30717.126
MinimumVisualStudioVersion = 10.0.40219.1
Project("{FAE04EC0-301F-11D3-BF4B-00C04F79EFBC}") = "RSA", "RSA\RSA.csproj", "{6848519E-1732-49E3-AD7E-7B74DE2E00CB}"
EndProject
Global
	GlobalSection(SolutionConfigurationPlatforms) = preSolution
		Debug|Any CPU = Debug|Any CPU
		Release|Any CPU = Release|Any CPU
	EndGlobalSection
	GlobalSection(ProjectConfigurationPlatforms) = postSolution
		{6848519E-1732-49E3-AD7E-7B74DE2E00CB}.Debug|Any CPU.ActiveCfg = Debug|Any CPU
		{6848519E-1732-49E3-AD7E-7B74DE2E00CB}.Debug|Any CPU.Build.0 = Debug|Any CPU
		{6848519E-1732-49E3-AD7E-7B74DE2E00CB}.Release|Any CPU.ActiveCfg = Release|Any CPU
		{6848519E-1732-49E3-AD7E-7B74DE2E00CB}.Release|Any CPU.Build.0 = Release|Any CPU
	EndGlobalSection
	GlobalSection(SolutionProperties) = preSolution
		HideSolutionNode = FALSE
	EndGlobalSection
	GlobalSection(ExtensibilityGlobals) = postSolution
		SolutionGuid = {A5FCB05D-8DD0-4E59-8E7A-BF24F32D2BF4}
	EndGlobalSection
EndGlobal
